Microsoft Visual Studio Solution File, Format Version 12.00
# Visual Studio Version 17
VisualStudioVersion = 17.5.2.0
MinimumVisualStudioVersion = 10.0.40219.1
Project("{FAE04EC0-301F-11D3-BF4B-00C04F79EFBC}") = "Localizy.Domain", "Localizy.Domain\Localizy.Domain.csproj", "{3CDB6622-DF81-BAE7-47EA-92A00451A025}"
EndProject
Project("{FAE04EC0-301F-11D3-BF4B-00C04F79EFBC}") = "Localizy.API", "Localizy.API\Localizy.API.csproj", "{7606B2A2-3F5A-5DB7-725B-9F0C52E876B2}"
EndProject
Project("{FAE04EC0-301F-11D3-BF4B-00C04F79EFBC}") = "Localizy.Infrastructure", "Localizy.Infrastructure\Localizy.Infrastructure.csproj", "{0C40C45A-B497-97AB-2EEB-1FF862E8CBA3}"
EndProject
Project("{FAE04EC0-301F-11D3-BF4B-00C04F79EFBC}") = "Localizy.Application", "Localizy.Application\Localizy.Application.csproj", "{6F656AA1-9402-B5C0-0BF0-301E401E71A2}"
EndProject
Global
	GlobalSection(SolutionConfigurationPlatforms) = preSolution
		Debug|Any CPU = Debug|Any CPU
		Release|Any CPU = Release|Any CPU
	EndGlobalSection
	GlobalSection(ProjectConfigurationPlatforms) = postSolution
		{3CDB6622-DF81-BAE7-47EA-92A00451A025}.Debug|Any CPU.ActiveCfg = Debug|Any CPU
		{3CDB6622-DF81-BAE7-47EA-92A00451A025}.Debug|Any CPU.Build.0 = Debug|Any CPU
		{3CDB6622-DF81-BAE7-47EA-92A00451A025}.Release|Any CPU.ActiveCfg = Release|Any CPU
		{3CDB6622-DF81-BAE7-47EA-92A00451A025}.Release|Any CPU.Build.0 = Release|Any CPU
		{7606B2A2-3F5A-5DB7-725B-9F0C52E876B2}.Debug|Any CPU.ActiveCfg = Debug|Any CPU
		{7606B2A2-3F5A-5DB7-725B-9F0C52E876B2}.Debug|Any CPU.Build.0 = Debug|Any CPU
		{7606B2A2-3F5A-5DB7-725B-9F0C52E876B2}.Release|Any CPU.ActiveCfg = Release|Any CPU
		{7606B2A2-3F5A-5DB7-725B-9F0C52E876B2}.Release|Any CPU.Build.0 = Release|Any CPU
		{0C40C45A-B497-97AB-2EEB-1FF862E8CBA3}.Debug|Any CPU.ActiveCfg = Debug|Any CPU
		{0C40C45A-B497-97AB-2EEB-1FF862E8CBA3}.Debug|Any CPU.Build.0 = Debug|Any CPU
		{0C40C45A-B497-97AB-2EEB-1FF862E8CBA3}.Release|Any CPU.ActiveCfg = Release|Any CPU
		{0C40C45A-B497-97AB-2EEB-1FF862E8CBA3}.Release|Any CPU.Build.0 = Release|Any CPU
		{6F656AA1-9402-B5C0-0BF0-301E401E71A2}.Debug|Any CPU.ActiveCfg = Debug|Any CPU
		{6F656AA1-9402-B5C0-0BF0-301E401E71A2}.Debug|Any CPU.Build.0 = Debug|Any CPU
		{6F656AA1-9402-B5C0-0BF0-301E401E71A2}.Release|Any CPU.ActiveCfg = Release|Any CPU
		{6F656AA1-9402-B5C0-0BF0-301E401E71A2}.Release|Any CPU.Build.0 = Release|Any CPU
	EndGlobalSection
	GlobalSection(SolutionProperties) = preSolution
		HideSolutionNode = FALSE
	EndGlobalSection
	GlobalSection(ExtensibilityGlobals) = postSolution
		SolutionGuid = {F6B5353D-D4A6-4E99-BE34-6042B17CF24D}
	EndGlobalSection
EndGlobal
